// !$*UTF8*$!
{
	archiveVersion = 1;
	classes = {
	};
	objectVersion = 56;
	objects = {

/* Begin PBXBuildFile section */
		C202D065290A3CA0000C0BDC /* HourlyWeatherCell.swift in Sources */ = {isa = PBXBuildFile; fileRef = C202D063290A3CA0000C0BDC /* HourlyWeatherCell.swift */; };
		C202D066290A3CA0000C0BDC /* HourlyWeatherCell.xib in Resources */ = {isa = PBXBuildFile; fileRef = C202D064290A3CA0000C0BDC /* HourlyWeatherCell.xib */; };
		C24D1B5029096CFA003BF5C5 /* WeatherData.swift in Sources */ = {isa = PBXBuildFile; fileRef = C24D1B4F29096CFA003BF5C5 /* WeatherData.swift */; };
		C2BBF94B290917AE005319E7 /* AppDelegate.swift in Sources */ = {isa = PBXBuildFile; fileRef = C2BBF94A290917AE005319E7 /* AppDelegate.swift */; };
		C2BBF94D290917AE005319E7 /* SceneDelegate.swift in Sources */ = {isa = PBXBuildFile; fileRef = C2BBF94C290917AE005319E7 /* SceneDelegate.swift */; };
		C2BBF94F290917AE005319E7 /* ViewController.swift in Sources */ = {isa = PBXBuildFile; fileRef = C2BBF94E290917AE005319E7 /* ViewController.swift */; };
		C2BBF952290917AE005319E7 /* Main.storyboard in Resources */ = {isa = PBXBuildFile; fileRef = C2BBF950290917AE005319E7 /* Main.storyboard */; };
		C2BBF955290917AE005319E7 /* Weather.xcdatamodeld in Sources */ = {isa = PBXBuildFile; fileRef = C2BBF953290917AE005319E7 /* Weather.xcdatamodeld */; };
		C2BBF957290917B2005319E7 /* Assets.xcassets in Resources */ = {isa = PBXBuildFile; fileRef = C2BBF956290917B2005319E7 /* Assets.xcassets */; };
		C2BBF95A290917B2005319E7 /* LaunchScreen.storyboard in Resources */ = {isa = PBXBuildFile; fileRef = C2BBF958290917B2005319E7 /* LaunchScreen.storyboard */; };
		C2BBF96629091C93005319E7 /* WeatherCell.swift in Sources */ = {isa = PBXBuildFile; fileRef = C2BBF96429091C92005319E7 /* WeatherCell.swift */; };
		C2BBF96729091C93005319E7 /* WeatherCell.xib in Resources */ = {isa = PBXBuildFile; fileRef = C2BBF96529091C92005319E7 /* WeatherCell.xib */; };
		C2BBF96C29091CCF005319E7 /* HourlyCell.swift in Sources */ = {isa = PBXBuildFile; fileRef = C2BBF96A29091CCF005319E7 /* HourlyCell.swift */; };
		C2BBF96D29091CCF005319E7 /* HourlyCell.xib in Resources */ = {isa = PBXBuildFile; fileRef = C2BBF96B29091CCF005319E7 /* HourlyCell.xib */; };
/* End PBXBuildFile section */

/* Begin PBXFileReference section */
		C202D063290A3CA0000C0BDC /* HourlyWeatherCell.swift */ = {isa = PBXFileReference; lastKnownFileType = sourcecode.swift; path = HourlyWeatherCell.swift; sourceTree = "<group>"; };
		C202D064290A3CA0000C0BDC /* HourlyWeatherCell.xib */ = {isa = PBXFileReference; lastKnownFileType = file.xib; path = HourlyWeatherCell.xib; sourceTree = "<group>"; };
		C24D1B4F29096CFA003BF5C5 /* WeatherData.swift */ = {isa = PBXFileReference; lastKnownFileType = sourcecode.swift; path = WeatherData.swift; sourceTree = "<group>"; };
		C2BBF947290917AE005319E7 /* Weather.app */ = {isa = PBXFileReference; explicitFileType = wrapper.application; includeInIndex = 0; path = Weather.app; sourceTree = BUILT_PRODUCTS_DIR; };
		C2BBF94A290917AE005319E7 /* AppDelegate.swift */ = {isa = PBXFileReference; lastKnownFileType = sourcecode.swift; path = AppDelegate.swift; sourceTree = "<group>"; };
		C2BBF94C290917AE005319E7 /* SceneDelegate.swift */ = {isa = PBXFileReference; lastKnownFileType = sourcecode.swift; path = SceneDelegate.swift; sourceTree = "<group>"; };
		C2BBF94E290917AE005319E7 /* ViewController.swift */ = {isa = PBXFileReference; lastKnownFileType = sourcecode.swift; path = ViewController.swift; sourceTree = "<group>"; };
		C2BBF951290917AE005319E7 /* Base */ = {isa = PBXFileReference; lastKnownFileType = file.storyboard; name = Base; path = Base.lproj/Main.storyboard; sourceTree = "<group>"; };
		C2BBF954290917AE005319E7 /* Weather.xcdatamodel */ = {isa = PBXFileReference; lastKnownFileType = wrapper.xcdatamodel; path = Weather.xcdatamodel; sourceTree = "<group>"; };
		C2BBF956290917B2005319E7 /* Assets.xcassets */ = {isa = PBXFileReference; lastKnownFileType = folder.assetcatalog; path = Assets.xcassets; sourceTree = "<group>"; };
		C2BBF959290917B2005319E7 /* Base */ = {isa = PBXFileReference; lastKnownFileType = file.storyboard; name = Base; path = Base.lproj/LaunchScreen.storyboard; sourceTree = "<group>"; };
		C2BBF95B290917B2005319E7 /* Info.plist */ = {isa = PBXFileReference; lastKnownFileType = text.plist.xml; path = Info.plist; sourceTree = "<group>"; };
		C2BBF96429091C92005319E7 /* WeatherCell.swift */ = {isa = PBXFileReference; lastKnownFileType = sourcecode.swift; path = WeatherCell.swift; sourceTree = "<group>"; };
		C2BBF96529091C92005319E7 /* WeatherCell.xib */ = {isa = PBXFileReference; lastKnownFileType = file.xib; path = WeatherCell.xib; sourceTree = "<group>"; };
		C2BBF96A29091CCF005319E7 /* HourlyCell.swift */ = {isa = PBXFileReference; lastKnownFileType = sourcecode.swift; path = HourlyCell.swift; sourceTree = "<group>"; };
		C2BBF96B29091CCF005319E7 /* HourlyCell.xib */ = {isa = PBXFileReference; lastKnownFileType = file.xib; path = HourlyCell.xib; sourceTree = "<group>"; };
/* End PBXFileReference section */

/* Begin PBXFrameworksBuildPhase section */
		C2BBF944290917AE005319E7 /* Frameworks */ = {
			isa = PBXFrameworksBuildPhase;
			buildActionMask = 2147483647;
			files = (
			);
			runOnlyForDeploymentPostprocessing = 0;
		};
/* End PBXFrameworksBuildPhase section */

/* Begin PBXGroup section */
		C2BBF93E290917AE005319E7 = {
			isa = PBXGroup;
			children = (
				C2BBF949290917AE005319E7 /* Weather */,
				C2BBF948290917AE005319E7 /* Products */,
			);
			sourceTree = "<group>";
		};
		C2BBF948290917AE005319E7 /* Products */ = {
			isa = PBXGroup;
			children = (
				C2BBF947290917AE005319E7 /* Weather.app */,
			);
			name = Products;
			sourceTree = "<group>";
		};
		C2BBF949290917AE005319E7 /* Weather */ = {
			isa = PBXGroup;
			children = (
				C2BBF96329091C57005319E7 /* Models */,
				C2BBF96229091C4F005319E7 /* Views */,
				C2BBF96129091C3F005319E7 /* Controllers */,
				C2BBF94A290917AE005319E7 /* AppDelegate.swift */,
				C2BBF94C290917AE005319E7 /* SceneDelegate.swift */,
				C2BBF950290917AE005319E7 /* Main.storyboard */,
				C2BBF956290917B2005319E7 /* Assets.xcassets */,
				C2BBF958290917B2005319E7 /* LaunchScreen.storyboard */,
				C2BBF95B290917B2005319E7 /* Info.plist */,
				C2BBF953290917AE005319E7 /* Weather.xcdatamodeld */,
			);
			path = Weather;
			sourceTree = "<group>";
		};
		C2BBF96129091C3F005319E7 /* Controllers */ = {
			isa = PBXGroup;
			children = (
				C2BBF94E290917AE005319E7 /* ViewController.swift */,
			);
			path = Controllers;
			sourceTree = "<group>";
		};
		C2BBF96229091C4F005319E7 /* Views */ = {
			isa = PBXGroup;
			children = (
				C2BBF96929091CB2005319E7 /* Hourly */,
				C2BBF96829091C9F005319E7 /* Weather */,
			);
			path = Views;
			sourceTree = "<group>";
		};
		C2BBF96329091C57005319E7 /* Models */ = {
			isa = PBXGroup;
			children = (
				C24D1B4F29096CFA003BF5C5 /* WeatherData.swift */,
			);
			path = Models;
			sourceTree = "<group>";
		};
		C2BBF96829091C9F005319E7 /* Weather */ = {
			isa = PBXGroup;
			children = (
				C2BBF96429091C92005319E7 /* WeatherCell.swift */,
				C2BBF96529091C92005319E7 /* WeatherCell.xib */,
			);
			path = Weather;
			sourceTree = "<group>";
		};
		C2BBF96929091CB2005319E7 /* Hourly */ = {
			isa = PBXGroup;
			children = (
				C2BBF96A29091CCF005319E7 /* HourlyCell.swift */,
				C2BBF96B29091CCF005319E7 /* HourlyCell.xib */,
				C202D063290A3CA0000C0BDC /* HourlyWeatherCell.swift */,
				C202D064290A3CA0000C0BDC /* HourlyWeatherCell.xib */,
			);
			path = Hourly;
			sourceTree = "<group>";
		};
/* End PBXGroup section */

/* Begin PBXNativeTarget section */
		C2BBF946290917AE005319E7 /* Weather */ = {
			isa = PBXNativeTarget;
			buildConfigurationList = C2BBF95E290917B2005319E7 /* Build configuration list for PBXNativeTarget "Weather" */;
			buildPhases = (
				C2BBF943290917AE005319E7 /* Sources */,
				C2BBF944290917AE005319E7 /* Frameworks */,
				C2BBF945290917AE005319E7 /* Resources */,
			);
			buildRules = (
			);
			dependencies = (
			);
			name = Weather;
			productName = Weather;
			productReference = C2BBF947290917AE005319E7 /* Weather.app */;
			productType = "com.apple.product-type.application";
		};
/* End PBXNativeTarget section */

/* Begin PBXProject section */
		C2BBF93F290917AE005319E7 /* Project object */ = {
			isa = PBXProject;
			attributes = {
				BuildIndependentTargetsInParallel = 1;
				LastSwiftUpdateCheck = 1400;
				LastUpgradeCheck = 1400;
				TargetAttributes = {
					C2BBF946290917AE005319E7 = {
						CreatedOnToolsVersion = 14.0.1;
					};
				};
			};
			buildConfigurationList = C2BBF942290917AE005319E7 /* Build configuration list for PBXProject "Weather" */;
			compatibilityVersion = "Xcode 14.0";
			developmentRegion = en;
			hasScannedForEncodings = 0;
			knownRegions = (
				en,
				Base,
			);
			mainGroup = C2BBF93E290917AE005319E7;
			productRefGroup = C2BBF948290917AE005319E7 /* Products */;
			projectDirPath = "";
			projectRoot = "";
			targets = (
				C2BBF946290917AE005319E7 /* Weather */,
			);
		};
/* End PBXProject section */

/* Begin PBXResourcesBuildPhase section */
		C2BBF945290917AE005319E7 /* Resources */ = {
			isa = PBXResourcesBuildPhase;
			buildActionMask = 2147483647;
			files = (
				C2BBF96729091C93005319E7 /* WeatherCell.xib in Resources */,
				C2BBF95A290917B2005319E7 /* LaunchScreen.storyboard in Resources */,
				C202D066290A3CA0000C0BDC /* HourlyWeatherCell.xib in Resources */,
				C2BBF957290917B2005319E7 /* Assets.xcassets in Resources */,
				C2BBF952290917AE005319E7 /* Main.storyboard in Resources */,
				C2BBF96D29091CCF005319E7 /* HourlyCell.xib in Resources */,
			);
			runOnlyForDeploymentPostprocessing = 0;
		};
/* End PBXResourcesBuildPhase section */

/* Begin PBXSourcesBuildPhase section */
		C2BBF943290917AE005319E7 /* Sources */ = {
			isa = PBXSourcesBuildPhase;
			buildActionMask = 2147483647;
			files = (
				C24D1B5029096CFA003BF5C5 /* WeatherData.swift in Sources */,
				C2BBF96C29091CCF005319E7 /* HourlyCell.swift in Sources */,
				C202D065290A3CA0000C0BDC /* HourlyWeatherCell.swift in Sources */,
				C2BBF955290917AE005319E7 /* Weather.xcdatamodeld in Sources */,
				C2BBF94F290917AE005319E7 /* ViewController.swift in Sources */,
				C2BBF96629091C93005319E7 /* WeatherCell.swift in Sources */,
				C2BBF94B290917AE005319E7 /* AppDelegate.swift in Sources */,
				C2BBF94D290917AE005319E7 /* SceneDelegate.swift in Sources */,
			);
			runOnlyForDeploymentPostprocessing = 0;
		};
/* End PBXSourcesBuildPhase section */

/* Begin PBXVariantGroup section */
		C2BBF950290917AE005319E7 /* Main.storyboard */ = {
			isa = PBXVariantGroup;
			children = (
				C2BBF951290917AE005319E7 /* Base */,
			);
			name = Main.storyboard;
			sourceTree = "<group>";
		};
		C2BBF958290917B2005319E7 /* LaunchScreen.storyboard */ = {
			isa = PBXVariantGroup;
			children = (
				C2BBF959290917B2005319E7 /* Base */,
			);
			name = LaunchScreen.storyboard;
			sourceTree = "<group>";
		};
/* End PBXVariantGroup section */

/* Begin XCBuildConfiguration section */
		C2BBF95C290917B2005319E7 /* Debug */ = {
			isa = XCBuildConfiguration;
			buildSettings = {
				ALWAYS_SEARCH_USER_PATHS = NO;
				CLANG_ANALYZER_NONNULL = YES;
				CLANG_ANALYZER_NUMBER_OBJECT_CONVERSION = YES_AGGRESSIVE;
				CLANG_CXX_LANGUAGE_STANDARD = "gnu++20";
				CLANG_ENABLE_MODULES = YES;
				CLANG_ENABLE_OBJC_ARC = YES;
				CLANG_ENABLE_OBJC_WEAK = YES;
				CLANG_WARN_BLOCK_CAPTURE_AUTORELEASING = YES;
				CLANG_WARN_BOOL_CONVERSION = YES;
				CLANG_WARN_COMMA = YES;
				CLANG_WARN_CONSTANT_CONVERSION = YES;
				CLANG_WARN_DEPRECATED_OBJC_IMPLEMENTATIONS = YES;
				CLANG_WARN_DIRECT_OBJC_ISA_USAGE = YES_ERROR;
				CLANG_WARN_DOCUMENTATION_COMMENTS = YES;
				CLANG_WARN_EMPTY_BODY = YES;
				CLANG_WARN_ENUM_CONVERSION = YES;
				CLANG_WARN_INFINITE_RECURSION = YES;
				CLANG_WARN_INT_CONVERSION = YES;
				CLANG_WARN_NON_LITERAL_NULL_CONVERSION = YES;
				CLANG_WARN_OBJC_IMPLICIT_RETAIN_SELF = YES;
				CLANG_WARN_OBJC_LITERAL_CONVERSION = YES;
				CLANG_WARN_OBJC_ROOT_CLASS = YES_ERROR;
				CLANG_WARN_QUOTED_INCLUDE_IN_FRAMEWORK_HEADER = YES;
				CLANG_WARN_RANGE_LOOP_ANALYSIS = YES;
				CLANG_WARN_STRICT_PROTOTYPES = YES;
				CLANG_WARN_SUSPICIOUS_MOVE = YES;
				CLANG_WARN_UNGUARDED_AVAILABILITY = YES_AGGRESSIVE;
				CLANG_WARN_UNREACHABLE_CODE = YES;
				CLANG_WARN__DUPLICATE_METHOD_MATCH = YES;
				COPY_PHASE_STRIP = NO;
				DEBUG_INFORMATION_FORMAT = dwarf;
				ENABLE_STRICT_OBJC_MSGSEND = YES;
				ENABLE_TESTABILITY = YES;
				GCC_C_LANGUAGE_STANDARD = gnu11;
				GCC_DYNAMIC_NO_PIC = NO;
				GCC_NO_COMMON_BLOCKS = YES;
				GCC_OPTIMIZATION_LEVEL = 0;
				GCC_PREPROCESSOR_DEFINITIONS = (
					"DEBUG=1",
					"$(inherited)",
				);
				GCC_WARN_64_TO_32_BIT_CONVERSION = YES;
				GCC_WARN_ABOUT_RETURN_TYPE = YES_ERROR;
				GCC_WARN_UNDECLARED_SELECTOR = YES;
				GCC_WARN_UNINITIALIZED_AUTOS = YES_AGGRESSIVE;
				GCC_WARN_UNUSED_FUNCTION = YES;
				GCC_WARN_UNUSED_VARIABLE = YES;
				IPHONEOS_DEPLOYMENT_TARGET = 16.0;
				MTL_ENABLE_DEBUG_INFO = INCLUDE_SOURCE;
				MTL_FAST_MATH = YES;
				ONLY_ACTIVE_ARCH = YES;
				SDKROOT = iphoneos;
				SWIFT_ACTIVE_COMPILATION_CONDITIONS = DEBUG;
				SWIFT_OPTIMIZATION_LEVEL = "-Onone";
			};
			name = Debug;
		};
		C2BBF95D290917B2005319E7 /* Release */ = {
			isa = XCBuildConfiguration;
			buildSettings = {
				ALWAYS_SEARCH_USER_PATHS = NO;
				CLANG_ANALYZER_NONNULL = YES;
				CLANG_ANALYZER_NUMBER_OBJECT_CONVERSION = YES_AGGRESSIVE;
				CLANG_CXX_LANGUAGE_STANDARD = "gnu++20";
				CLANG_ENABLE_MODULES = YES;
				CLANG_ENABLE_OBJC_ARC = YES;
				CLANG_ENABLE_OBJC_WEAK = YES;
				CLANG_WARN_BLOCK_CAPTURE_AUTORELEASING = YES;
				CLANG_WARN_BOOL_CONVERSION = YES;
				CLANG_WARN_COMMA = YES;
				CLANG_WARN_CONSTANT_CONVERSION = YES;
				CLANG_WARN_DEPRECATED_OBJC_IMPLEMENTATIONS = YES;
				CLANG_WARN_DIRECT_OBJC_ISA_USAGE = YES_ERROR;
				CLANG_WARN_DOCUMENTATION_COMMENTS = YES;
				CLANG_WARN_EMPTY_BODY = YES;
				CLANG_WARN_ENUM_CONVERSION = YES;
				CLANG_WARN_INFINITE_RECURSION = YES;
				CLANG_WARN_INT_CONVERSION = YES;
				CLANG_WARN_NON_LITERAL_NULL_CONVERSION = YES;
				CLANG_WARN_OBJC_IMPLICIT_RETAIN_SELF = YES;
				CLANG_WARN_OBJC_LITERAL_CONVERSION = YES;
				CLANG_WARN_OBJC_ROOT_CLASS = YES_ERROR;
				CLANG_WARN_QUOTED_INCLUDE_IN_FRAMEWORK_HEADER = YES;
				CLANG_WARN_RANGE_LOOP_ANALYSIS = YES;
				CLANG_WARN_STRICT_PROTOTYPES = YES;
				CLANG_WARN_SUSPICIOUS_MOVE = YES;
				CLANG_WARN_UNGUARDED_AVAILABILITY = YES_AGGRESSIVE;
				CLANG_WARN_UNREACHABLE_CODE = YES;
				CLANG_WARN__DUPLICATE_METHOD_MATCH = YES;
				COPY_PHASE_STRIP = NO;
				DEBUG_INFORMATION_FORMAT = "dwarf-with-dsym";
				ENABLE_NS_ASSERTIONS = NO;
				ENABLE_STRICT_OBJC_MSGSEND = YES;
				GCC_C_LANGUAGE_STANDARD = gnu11;
				GCC_NO_COMMON_BLOCKS = YES;
				GCC_WARN_64_TO_32_BIT_CONVERSION = YES;
				GCC_WARN_ABOUT_RETURN_TYPE = YES_ERROR;
				GCC_WARN_UNDECLARED_SELECTOR = YES;
				GCC_WARN_UNINITIALIZED_AUTOS = YES_AGGRESSIVE;
				GCC_WARN_UNUSED_FUNCTION = YES;
				GCC_WARN_UNUSED_VARIABLE = YES;
				IPHONEOS_DEPLOYMENT_TARGET = 16.0;
				MTL_ENABLE_DEBUG_INFO = NO;
				MTL_FAST_MATH = YES;
				SDKROOT = iphoneos;
				SWIFT_COMPILATION_MODE = wholemodule;
				SWIFT_OPTIMIZATION_LEVEL = "-O";
				VALIDATE_PRODUCT = YES;
			};
			name = Release;
		};
		C2BBF95F290917B2005319E7 /* Debug */ = {
			isa = XCBuildConfiguration;
			buildSettings = {
				ASSETCATALOG_COMPILER_APPICON_NAME = AppIcon;
				ASSETCATALOG_COMPILER_GLOBAL_ACCENT_COLOR_NAME = AccentColor;
				CODE_SIGN_STYLE = Automatic;
				CURRENT_PROJECT_VERSION = 1;
				DEVELOPMENT_TEAM = BL54WB62T6;
				GENERATE_INFOPLIST_FILE = YES;
				INFOPLIST_FILE = Weather/Info.plist;
				INFOPLIST_KEY_UIApplicationSupportsIndirectInputEvents = YES;
				INFOPLIST_KEY_UILaunchStoryboardName = LaunchScreen;
				INFOPLIST_KEY_UIMainStoryboardFile = Main;
				INFOPLIST_KEY_UISupportedInterfaceOrientations_iPad = "UIInterfaceOrientationPortrait UIInterfaceOrientationPortraitUpsideDown UIInterfaceOrientationLandscapeLeft UIInterfaceOrientationLandscapeRight";
				INFOPLIST_KEY_UISupportedInterfaceOrientations_iPhone = "UIInterfaceOrientationPortrait UIInterfaceOrientationLandscapeLeft UIInterfaceOrientationLandscapeRight";
				LD_RUNPATH_SEARCH_PATHS = (
					"$(inherited)",
					"@executable_path/Frameworks",
				);
				MARKETING_VERSION = 1.0;
				PRODUCT_BUNDLE_IDENTIFIER = com.boshoffcorp.Weather;
				PRODUCT_NAME = "$(TARGET_NAME)";
				SWIFT_EMIT_LOC_STRINGS = YES;
				SWIFT_VERSION = 5.0;
				TARGETED_DEVICE_FAMILY = "1,2";
			};
			name = Debug;
		};
		C2BBF960290917B2005319E7 /* Release */ = {
			isa = XCBuildConfiguration;
			buildSettings = {
				ASSETCATALOG_COMPILER_APPICON_NAME = AppIcon;
				ASSETCATALOG_COMPILER_GLOBAL_ACCENT_COLOR_NAME = AccentColor;
				CODE_SIGN_STYLE = Automatic;
				CURRENT_PROJECT_VERSION = 1;
				DEVELOPMENT_TEAM = BL54WB62T6;
				GENERATE_INFOPLIST_FILE = YES;
				INFOPLIST_FILE = Weather/Info.plist;
				INFOPLIST_KEY_UIApplicationSupportsIndirectInputEvents = YES;
				INFOPLIST_KEY_UILaunchStoryboardName = LaunchScreen;
				INFOPLIST_KEY_UIMainStoryboardFile = Main;
				INFOPLIST_KEY_UISupportedInterfaceOrientations_iPad = "UIInterfaceOrientationPortrait UIInterfaceOrientationPortraitUpsideDown UIInterfaceOrientationLandscapeLeft UIInterfaceOrientationLandscapeRight";
				INFOPLIST_KEY_UISupportedInterfaceOrientations_iPhone = "UIInterfaceOrientationPortrait UIInterfaceOrientationLandscapeLeft UIInterfaceOrientationLandscapeRight";
				LD_RUNPATH_SEARCH_PATHS = (
					"$(inherited)",
					"@executable_path/Frameworks",
				);
				MARKETING_VERSION = 1.0;
				PRODUCT_BUNDLE_IDENTIFIER = com.boshoffcorp.Weather;
				PRODUCT_NAME = "$(TARGET_NAME)";
				SWIFT_EMIT_LOC_STRINGS = YES;
				SWIFT_VERSION = 5.0;
				TARGETED_DEVICE_FAMILY = "1,2";
			};
			name = Release;
		};
/* End XCBuildConfiguration section */

/* Begin XCConfigurationList section */
		C2BBF942290917AE005319E7 /* Build configuration list for PBXProject "Weather" */ = {
			isa = XCConfigurationList;
			buildConfigurations = (
				C2BBF95C290917B2005319E7 /* Debug */,
				C2BBF95D290917B2005319E7 /* Release */,
			);
			defaultConfigurationIsVisible = 0;
			defaultConfigurationName = Release;
		};
		C2BBF95E290917B2005319E7 /* Build configuration list for PBXNativeTarget "Weather" */ = {
			isa = XCConfigurationList;
			buildConfigurations = (
				C2BBF95F290917B2005319E7 /* Debug */,
				C2BBF960290917B2005319E7 /* Release */,
			);
			defaultConfigurationIsVisible = 0;
			defaultConfigurationName = Release;
		};
/* End XCConfigurationList section */

/* Begin XCVersionGroup section */
		C2BBF953290917AE005319E7 /* Weather.xcdatamodeld */ = {
			isa = XCVersionGroup;
			children = (
				C2BBF954290917AE005319E7 /* Weather.xcdatamodel */,
			);
			currentVersion = C2BBF954290917AE005319E7 /* Weather.xcdatamodel */;
			path = Weather.xcdatamodeld;
			sourceTree = "<group>";
			versionGroupType = wrapper.xcdatamodel;
		};
/* End XCVersionGroup section */
	};
	rootObject = C2BBF93F290917AE005319E7 /* Project object */;
}
